// !$*UTF8*$!
{
	archiveVersion = 1;
	classes = {
	};
	objectVersion = 50;
	objects = {

/* Begin PBXBuildFile section */
		3C31EC5121C34A6A00434315 /* STNetworkUtil.swift in Sources */ = {isa = PBXBuildFile; fileRef = 3C31EC4E21C34A6A00434315 /* STNetworkUtil.swift */; };
		3C31EC5221C34A6A00434315 /* NetRequest.swift in Sources */ = {isa = PBXBuildFile; fileRef = 3C31EC4F21C34A6A00434315 /* NetRequest.swift */; };
		3C31EC5321C34A6A00434315 /* NetworkTask.swift in Sources */ = {isa = PBXBuildFile; fileRef = 3C31EC5021C34A6A00434315 /* NetworkTask.swift */; };
		3C31EC5721C34BBE00434315 /* AllBean.swift in Sources */ = {isa = PBXBuildFile; fileRef = 3C31EC5521C34BBE00434315 /* AllBean.swift */; };
		3C83BF1721C34721001AD145 /* AppDelegate.swift in Sources */ = {isa = PBXBuildFile; fileRef = 3C83BF1621C34721001AD145 /* AppDelegate.swift */; };
		3C83BF1921C34721001AD145 /* ViewController.swift in Sources */ = {isa = PBXBuildFile; fileRef = 3C83BF1821C34721001AD145 /* ViewController.swift */; };
		3C83BF1C21C34721001AD145 /* Main.storyboard in Resources */ = {isa = PBXBuildFile; fileRef = 3C83BF1A21C34721001AD145 /* Main.storyboard */; };
		3C83BF1E21C34722001AD145 /* Assets.xcassets in Resources */ = {isa = PBXBuildFile; fileRef = 3C83BF1D21C34722001AD145 /* Assets.xcassets */; };
		3C83BF2121C34722001AD145 /* LaunchScreen.storyboard in Resources */ = {isa = PBXBuildFile; fileRef = 3C83BF1F21C34722001AD145 /* LaunchScreen.storyboard */; };
		FBF54136C067187FFE7A2410 /* Pods_NetworkModule.framework in Frameworks */ = {isa = PBXBuildFile; fileRef = 3FF28F188E16755AE74636B4 /* Pods_NetworkModule.framework */; };
/* End PBXBuildFile section */

/* Begin PBXFileReference section */
		3C31EC4E21C34A6A00434315 /* STNetworkUtil.swift */ = {isa = PBXFileReference; fileEncoding = 4; lastKnownFileType = sourcecode.swift; path = STNetworkUtil.swift; sourceTree = "<group>"; };
		3C31EC4F21C34A6A00434315 /* NetRequest.swift */ = {isa = PBXFileReference; fileEncoding = 4; lastKnownFileType = sourcecode.swift; path = NetRequest.swift; sourceTree = "<group>"; };
		3C31EC5021C34A6A00434315 /* NetworkTask.swift */ = {isa = PBXFileReference; fileEncoding = 4; lastKnownFileType = sourcecode.swift; path = NetworkTask.swift; sourceTree = "<group>"; };
		3C31EC5521C34BBE00434315 /* AllBean.swift */ = {isa = PBXFileReference; fileEncoding = 4; lastKnownFileType = sourcecode.swift; path = AllBean.swift; sourceTree = "<group>"; };
		3C83BF1321C34721001AD145 /* NetworkModule.app */ = {isa = PBXFileReference; explicitFileType = wrapper.application; includeInIndex = 0; path = NetworkModule.app; sourceTree = BUILT_PRODUCTS_DIR; };
		3C83BF1621C34721001AD145 /* AppDelegate.swift */ = {isa = PBXFileReference; lastKnownFileType = sourcecode.swift; path = AppDelegate.swift; sourceTree = "<group>"; };
		3C83BF1821C34721001AD145 /* ViewController.swift */ = {isa = PBXFileReference; lastKnownFileType = sourcecode.swift; path = ViewController.swift; sourceTree = "<group>"; };
		3C83BF1B21C34721001AD145 /* Base */ = {isa = PBXFileReference; lastKnownFileType = file.storyboard; name = Base; path = Base.lproj/Main.storyboard; sourceTree = "<group>"; };
		3C83BF1D21C34722001AD145 /* Assets.xcassets */ = {isa = PBXFileReference; lastKnownFileType = folder.assetcatalog; path = Assets.xcassets; sourceTree = "<group>"; };
		3C83BF2021C34722001AD145 /* Base */ = {isa = PBXFileReference; lastKnownFileType = file.storyboard; name = Base; path = Base.lproj/LaunchScreen.storyboard; sourceTree = "<group>"; };
		3C83BF2221C34722001AD145 /* Info.plist */ = {isa = PBXFileReference; lastKnownFileType = text.plist.xml; path = Info.plist; sourceTree = "<group>"; };
		3FF28F188E16755AE74636B4 /* Pods_NetworkModule.framework */ = {isa = PBXFileReference; explicitFileType = wrapper.framework; includeInIndex = 0; path = Pods_NetworkModule.framework; sourceTree = BUILT_PRODUCTS_DIR; };
		53678E0B2766E1EBA52439A9 /* Pods-NetworkModule.release.xcconfig */ = {isa = PBXFileReference; includeInIndex = 1; lastKnownFileType = text.xcconfig; name = "Pods-NetworkModule.release.xcconfig"; path = "Pods/Target Support Files/Pods-NetworkModule/Pods-NetworkModule.release.xcconfig"; sourceTree = "<group>"; };
		539FBA6F015EFC8E1F1DF567 /* Pods-NetworkModule.debug.xcconfig */ = {isa = PBXFileReference; includeInIndex = 1; lastKnownFileType = text.xcconfig; name = "Pods-NetworkModule.debug.xcconfig"; path = "Pods/Target Support Files/Pods-NetworkModule/Pods-NetworkModule.debug.xcconfig"; sourceTree = "<group>"; };
/* End PBXFileReference section */

/* Begin PBXFrameworksBuildPhase section */
		3C83BF1021C34721001AD145 /* Frameworks */ = {
			isa = PBXFrameworksBuildPhase;
			buildActionMask = 2147483647;
			files = (
				FBF54136C067187FFE7A2410 /* Pods_NetworkModule.framework in Frameworks */,
			);
			runOnlyForDeploymentPostprocessing = 0;
		};
/* End PBXFrameworksBuildPhase section */

/* Begin PBXGroup section */
		3C31EC4D21C34A5400434315 /* Network */ = {
			isa = PBXGroup;
			children = (
				3C31EC5421C34A7800434315 /* Bean */,
				3C31EC4F21C34A6A00434315 /* NetRequest.swift */,
				3C31EC5021C34A6A00434315 /* NetworkTask.swift */,
				3C31EC4E21C34A6A00434315 /* STNetworkUtil.swift */,
			);
			path = Network;
			sourceTree = "<group>";
		};
		3C31EC5421C34A7800434315 /* Bean */ = {
			isa = PBXGroup;
			children = (
				3C31EC5521C34BBE00434315 /* AllBean.swift */,
			);
			path = Bean;
			sourceTree = "<group>";
		};
		3C83BF0A21C34721001AD145 = {
			isa = PBXGroup;
			children = (
				3C83BF1521C34721001AD145 /* NetworkModule */,
				3C83BF1421C34721001AD145 /* Products */,
				B5F1FBB54318D6FE0BAF8EA1 /* Pods */,
				A7906F2588E8D724F5C9C23F /* Frameworks */,
			);
			sourceTree = "<group>";
		};
		3C83BF1421C34721001AD145 /* Products */ = {
			isa = PBXGroup;
			children = (
				3C83BF1321C34721001AD145 /* NetworkModule.app */,
			);
			name = Products;
			sourceTree = "<group>";
		};
		3C83BF1521C34721001AD145 /* NetworkModule */ = {
			isa = PBXGroup;
			children = (
				3C31EC4D21C34A5400434315 /* Network */,
				3C83BF1621C34721001AD145 /* AppDelegate.swift */,
				3C83BF1821C34721001AD145 /* ViewController.swift */,
				3C83BF1A21C34721001AD145 /* Main.storyboard */,
				3C83BF1D21C34722001AD145 /* Assets.xcassets */,
				3C83BF1F21C34722001AD145 /* LaunchScreen.storyboard */,
				3C83BF2221C34722001AD145 /* Info.plist */,
			);
			path = NetworkModule;
			sourceTree = "<group>";
		};
		A7906F2588E8D724F5C9C23F /* Frameworks */ = {
			isa = PBXGroup;
			children = (
				3FF28F188E16755AE74636B4 /* Pods_NetworkModule.framework */,
			);
			name = Frameworks;
			sourceTree = "<group>";
		};
		B5F1FBB54318D6FE0BAF8EA1 /* Pods */ = {
			isa = PBXGroup;
			children = (
				539FBA6F015EFC8E1F1DF567 /* Pods-NetworkModule.debug.xcconfig */,
				53678E0B2766E1EBA52439A9 /* Pods-NetworkModule.release.xcconfig */,
			);
			name = Pods;
			sourceTree = "<group>";
		};
/* End PBXGroup section */

/* Begin PBXNativeTarget section */
		3C83BF1221C34721001AD145 /* NetworkModule */ = {
			isa = PBXNativeTarget;
			buildConfigurationList = 3C83BF2521C34722001AD145 /* Build configuration list for PBXNativeTarget "NetworkModule" */;
			buildPhases = (
				F5D9D2C10DFCDC2843E51076 /* [CP] Check Pods Manifest.lock */,
				3C83BF0F21C34721001AD145 /* Sources */,
				3C83BF1021C34721001AD145 /* Frameworks */,
				3C83BF1121C34721001AD145 /* Resources */,
				E01920119AD43543C6D863C2 /* [CP] Embed Pods Frameworks */,
			);
			buildRules = (
			);
			dependencies = (
			);
			name = NetworkModule;
			productName = NetworkModule;
			productReference = 3C83BF1321C34721001AD145 /* NetworkModule.app */;
			productType = "com.apple.product-type.application";
		};
/* End PBXNativeTarget section */

/* Begin PBXProject section */
		3C83BF0B21C34721001AD145 /* Project object */ = {
			isa = PBXProject;
			attributes = {
				LastSwiftUpdateCheck = 1010;
				LastUpgradeCheck = 1010;
				ORGANIZATIONNAME = wooky;
				TargetAttributes = {
					3C83BF1221C34721001AD145 = {
						CreatedOnToolsVersion = 10.1;
					};
				};
			};
			buildConfigurationList = 3C83BF0E21C34721001AD145 /* Build configuration list for PBXProject "NetworkModule" */;
			compatibilityVersion = "Xcode 9.3";
			developmentRegion = en;
			hasScannedForEncodings = 0;
			knownRegions = (
				en,
				Base,
			);
			mainGroup = 3C83BF0A21C34721001AD145;
			productRefGroup = 3C83BF1421C34721001AD145 /* Products */;
			projectDirPath = "";
			projectRoot = "";
			targets = (
				3C83BF1221C34721001AD145 /* NetworkModule */,
			);
		};
/* End PBXProject section */

/* Begin PBXResourcesBuildPhase section */
		3C83BF1121C34721001AD145 /* Resources */ = {
			isa = PBXResourcesBuildPhase;
			buildActionMask = 2147483647;
			files = (
				3C83BF2121C34722001AD145 /* LaunchScreen.storyboard in Resources */,
				3C83BF1E21C34722001AD145 /* Assets.xcassets in Resources */,
				3C83BF1C21C34721001AD145 /* Main.storyboard in Resources */,
			);
			runOnlyForDeploymentPostprocessing = 0;
		};
/* End PBXResourcesBuildPhase section */

/* Begin PBXShellScriptBuildPhase section */
		E01920119AD43543C6D863C2 /* [CP] Embed Pods Frameworks */ = {
			isa = PBXShellScriptBuildPhase;
			buildActionMask = 2147483647;
			files = (
			);
			inputFileListPaths = (
			);
			inputPaths = (
				"${SRCROOT}/Pods/Target Support Files/Pods-NetworkModule/Pods-NetworkModule-frameworks.sh",
				"${BUILT_PRODUCTS_DIR}/Alamofire/Alamofire.framework",
				"${BUILT_PRODUCTS_DIR}/PromiseKit/PromiseKit.framework",
			);
			name = "[CP] Embed Pods Frameworks";
			outputFileListPaths = (
			);
			outputPaths = (
				"${TARGET_BUILD_DIR}/${FRAMEWORKS_FOLDER_PATH}/Alamofire.framework",
				"${TARGET_BUILD_DIR}/${FRAMEWORKS_FOLDER_PATH}/PromiseKit.framework",
			);
			runOnlyForDeploymentPostprocessing = 0;
			shellPath = /bin/sh;
			shellScript = "\"${SRCROOT}/Pods/Target Support Files/Pods-NetworkModule/Pods-NetworkModule-frameworks.sh\"\n";
			showEnvVarsInLog = 0;
		};
		F5D9D2C10DFCDC2843E51076 /* [CP] Check Pods Manifest.lock */ = {
			isa = PBXShellScriptBuildPhase;
			buildActionMask = 2147483647;
			files = (
			);
			inputFileListPaths = (
			);
			inputPaths = (
				"${PODS_PODFILE_DIR_PATH}/Podfile.lock",
				"${PODS_ROOT}/Manifest.lock",
			);
			name = "[CP] Check Pods Manifest.lock";
			outputFileListPaths = (
			);
			outputPaths = (
				"$(DERIVED_FILE_DIR)/Pods-NetworkModule-checkManifestLockResult.txt",
			);
			runOnlyForDeploymentPostprocessing = 0;
			shellPath = /bin/sh;
			shellScript = "diff \"${PODS_PODFILE_DIR_PATH}/Podfile.lock\" \"${PODS_ROOT}/Manifest.lock\" > /dev/null\nif [ $? != 0 ] ; then\n    # print error to STDERR\n    echo \"error: The sandbox is not in sync with the Podfile.lock. Run 'pod install' or update your CocoaPods installation.\" >&2\n    exit 1\nfi\n# This output is used by Xcode 'outputs' to avoid re-running this script phase.\necho \"SUCCESS\" > \"${SCRIPT_OUTPUT_FILE_0}\"\n";
			showEnvVarsInLog = 0;
		};
/* End PBXShellScriptBuildPhase section */

/* Begin PBXSourcesBuildPhase section */
		3C83BF0F21C34721001AD145 /* Sources */ = {
			isa = PBXSourcesBuildPhase;
			buildActionMask = 2147483647;
			files = (
				3C83BF1921C34721001AD145 /* ViewController.swift in Sources */,
				3C31EC5321C34A6A00434315 /* NetworkTask.swift in Sources */,
				3C83BF1721C34721001AD145 /* AppDelegate.swift in Sources */,
				3C31EC5721C34BBE00434315 /* AllBean.swift in Sources */,
				3C31EC5121C34A6A00434315 /* STNetworkUtil.swift in Sources */,
				3C31EC5221C34A6A00434315 /* NetRequest.swift in Sources */,
			);
			runOnlyForDeploymentPostprocessing = 0;
		};
/* End PBXSourcesBuildPhase section */

/* Begin PBXVariantGroup section */
		3C83BF1A21C34721001AD145 /* Main.storyboard */ = {
			isa = PBXVariantGroup;
			children = (
				3C83BF1B21C34721001AD145 /* Base */,
			);
			name = Main.storyboard;
			sourceTree = "<group>";
		};
		3C83BF1F21C34722001AD145 /* LaunchScreen.storyboard */ = {
			isa = PBXVariantGroup;
			children = (
				3C83BF2021C34722001AD145 /* Base */,
			);
			name = LaunchScreen.storyboard;
			sourceTree = "<group>";
		};
/* End PBXVariantGroup section */

/* Begin XCBuildConfiguration section */
		3C83BF2321C34722001AD145 /* Debug */ = {
			isa = XCBuildConfiguration;
			buildSettings = {
				ALWAYS_SEARCH_USER_PATHS = NO;
				CLANG_ANALYZER_NONNULL = YES;
				CLANG_ANALYZER_NUMBER_OBJECT_CONVERSION = YES_AGGRESSIVE;
				CLANG_CXX_LANGUAGE_STANDARD = "gnu++14";
				CLANG_CXX_LIBRARY = "libc++";
				CLANG_ENABLE_MODULES = YES;
				CLANG_ENABLE_OBJC_ARC = YES;
				CLANG_ENABLE_OBJC_WEAK = YES;
				CLANG_WARN_BLOCK_CAPTURE_AUTORELEASING = YES;
				CLANG_WARN_BOOL_CONVERSION = YES;
				CLANG_WARN_COMMA = YES;
				CLANG_WARN_CONSTANT_CONVERSION = YES;
				CLANG_WARN_DEPRECATED_OBJC_IMPLEMENTATIONS = YES;
				CLANG_WARN_DIRECT_OBJC_ISA_USAGE = YES_ERROR;
				CLANG_WARN_DOCUMENTATION_COMMENTS = YES;
				CLANG_WARN_EMPTY_BODY = YES;
				CLANG_WARN_ENUM_CONVERSION = YES;
				CLANG_WARN_INFINITE_RECURSION = YES;
				CLANG_WARN_INT_CONVERSION = YES;
				CLANG_WARN_NON_LITERAL_NULL_CONVERSION = YES;
				CLANG_WARN_OBJC_IMPLICIT_RETAIN_SELF = YES;
				CLANG_WARN_OBJC_LITERAL_CONVERSION = YES;
				CLANG_WARN_OBJC_ROOT_CLASS = YES_ERROR;
				CLANG_WARN_RANGE_LOOP_ANALYSIS = YES;
				CLANG_WARN_STRICT_PROTOTYPES = YES;
				CLANG_WARN_SUSPICIOUS_MOVE = YES;
				CLANG_WARN_UNGUARDED_AVAILABILITY = YES_AGGRESSIVE;
				CLANG_WARN_UNREACHABLE_CODE = YES;
				CLANG_WARN__DUPLICATE_METHOD_MATCH = YES;
				CODE_SIGN_IDENTITY = "iPhone Developer";
				COPY_PHASE_STRIP = NO;
				DEBUG_INFORMATION_FORMAT = dwarf;
				ENABLE_STRICT_OBJC_MSGSEND = YES;
				ENABLE_TESTABILITY = YES;
				GCC_C_LANGUAGE_STANDARD = gnu11;
				GCC_DYNAMIC_NO_PIC = NO;
				GCC_NO_COMMON_BLOCKS = YES;
				GCC_OPTIMIZATION_LEVEL = 0;
				GCC_PREPROCESSOR_DEFINITIONS = (
					"DEBUG=1",
					"$(inherited)",
				);
				GCC_WARN_64_TO_32_BIT_CONVERSION = YES;
				GCC_WARN_ABOUT_RETURN_TYPE = YES_ERROR;
				GCC_WARN_UNDECLARED_SELECTOR = YES;
				GCC_WARN_UNINITIALIZED_AUTOS = YES_AGGRESSIVE;
				GCC_WARN_UNUSED_FUNCTION = YES;
				GCC_WARN_UNUSED_VARIABLE = YES;
				IPHONEOS_DEPLOYMENT_TARGET = 12.1;
				MTL_ENABLE_DEBUG_INFO = INCLUDE_SOURCE;
				MTL_FAST_MATH = YES;
				ONLY_ACTIVE_ARCH = YES;
				SDKROOT = iphoneos;
				SWIFT_ACTIVE_COMPILATION_CONDITIONS = DEBUG;
				SWIFT_OPTIMIZATION_LEVEL = "-Onone";
			};
			name = Debug;
		};
		3C83BF2421C34722001AD145 /* Release */ = {
			isa = XCBuildConfiguration;
			buildSettings = {
				ALWAYS_SEARCH_USER_PATHS = NO;
				CLANG_ANALYZER_NONNULL = YES;
				CLANG_ANALYZER_NUMBER_OBJECT_CONVERSION = YES_AGGRESSIVE;
				CLANG_CXX_LANGUAGE_STANDARD = "gnu++14";
				CLANG_CXX_LIBRARY = "libc++";
				CLANG_ENABLE_MODULES = YES;
				CLANG_ENABLE_OBJC_ARC = YES;
				CLANG_ENABLE_OBJC_WEAK = YES;
				CLANG_WARN_BLOCK_CAPTURE_AUTORELEASING = YES;
				CLANG_WARN_BOOL_CONVERSION = YES;
				CLANG_WARN_COMMA = YES;
				CLANG_WARN_CONSTANT_CONVERSION = YES;
				CLANG_WARN_DEPRECATED_OBJC_IMPLEMENTATIONS = YES;
				CLANG_WARN_DIRECT_OBJC_ISA_USAGE = YES_ERROR;
				CLANG_WARN_DOCUMENTATION_COMMENTS = YES;
				CLANG_WARN_EMPTY_BODY = YES;
				CLANG_WARN_ENUM_CONVERSION = YES;
				CLANG_WARN_INFINITE_RECURSION = YES;
				CLANG_WARN_INT_CONVERSION = YES;
				CLANG_WARN_NON_LITERAL_NULL_CONVERSION = YES;
				CLANG_WARN_OBJC_IMPLICIT_RETAIN_SELF = YES;
				CLANG_WARN_OBJC_LITERAL_CONVERSION = YES;
				CLANG_WARN_OBJC_ROOT_CLASS = YES_ERROR;
				CLANG_WARN_RANGE_LOOP_ANALYSIS = YES;
				CLANG_WARN_STRICT_PROTOTYPES = YES;
				CLANG_WARN_SUSPICIOUS_MOVE = YES;
				CLANG_WARN_UNGUARDED_AVAILABILITY = YES_AGGRESSIVE;
				CLANG_WARN_UNREACHABLE_CODE = YES;
				CLANG_WARN__DUPLICATE_METHOD_MATCH = YES;
				CODE_SIGN_IDENTITY = "iPhone Developer";
				COPY_PHASE_STRIP = NO;
				DEBUG_INFORMATION_FORMAT = "dwarf-with-dsym";
				ENABLE_NS_ASSERTIONS = NO;
				ENABLE_STRICT_OBJC_MSGSEND = YES;
				GCC_C_LANGUAGE_STANDARD = gnu11;
				GCC_NO_COMMON_BLOCKS = YES;
				GCC_WARN_64_TO_32_BIT_CONVERSION = YES;
				GCC_WARN_ABOUT_RETURN_TYPE = YES_ERROR;
				GCC_WARN_UNDECLARED_SELECTOR = YES;
				GCC_WARN_UNINITIALIZED_AUTOS = YES_AGGRESSIVE;
				GCC_WARN_UNUSED_FUNCTION = YES;
				GCC_WARN_UNUSED_VARIABLE = YES;
				IPHONEOS_DEPLOYMENT_TARGET = 12.1;
				MTL_ENABLE_DEBUG_INFO = NO;
				MTL_FAST_MATH = YES;
				SDKROOT = iphoneos;
				SWIFT_COMPILATION_MODE = wholemodule;
				SWIFT_OPTIMIZATION_LEVEL = "-O";
				VALIDATE_PRODUCT = YES;
			};
			name = Release;
		};
		3C83BF2621C34722001AD145 /* Debug */ = {
			isa = XCBuildConfiguration;
			baseConfigurationReference = 539FBA6F015EFC8E1F1DF567 /* Pods-NetworkModule.debug.xcconfig */;
			buildSettings = {
				ASSETCATALOG_COMPILER_APPICON_NAME = AppIcon;
				CODE_SIGN_STYLE = Automatic;
				INFOPLIST_FILE = NetworkModule/Info.plist;
				LD_RUNPATH_SEARCH_PATHS = (
					"$(inherited)",
					"@executable_path/Frameworks",
				);
				PRODUCT_BUNDLE_IDENTIFIER = com.wooky83.NetworkModule;
				PRODUCT_NAME = "$(TARGET_NAME)";
				SWIFT_VERSION = 5.0;
				TARGETED_DEVICE_FAMILY = "1,2";
			};
			name = Debug;
		};
		3C83BF2721C34722001AD145 /* Release */ = {
			isa = XCBuildConfiguration;
			baseConfigurationReference = 53678E0B2766E1EBA52439A9 /* Pods-NetworkModule.release.xcconfig */;
			buildSettings = {
				ASSETCATALOG_COMPILER_APPICON_NAME = AppIcon;
				CODE_SIGN_STYLE = Automatic;
				INFOPLIST_FILE = NetworkModule/Info.plist;
				LD_RUNPATH_SEARCH_PATHS = (
					"$(inherited)",
					"@executable_path/Frameworks",
				);
				PRODUCT_BUNDLE_IDENTIFIER = com.wooky83.NetworkModule;
				PRODUCT_NAME = "$(TARGET_NAME)";
				SWIFT_VERSION = 5.0;
				TARGETED_DEVICE_FAMILY = "1,2";
			};
			name = Release;
		};
/* End XCBuildConfiguration section */

/* Begin XCConfigurationList section */
		3C83BF0E21C34721001AD145 /* Build configuration list for PBXProject "NetworkModule" */ = {
			isa = XCConfigurationList;
			buildConfigurations = (
				3C83BF2321C34722001AD145 /* Debug */,
				3C83BF2421C34722001AD145 /* Release */,
			);
			defaultConfigurationIsVisible = 0;
			defaultConfigurationName = Release;
		};
		3C83BF2521C34722001AD145 /* Build configuration list for PBXNativeTarget "NetworkModule" */ = {
			isa = XCConfigurationList;
			buildConfigurations = (
				3C83BF2621C34722001AD145 /* Debug */,
				3C83BF2721C34722001AD145 /* Release */,
			);
			defaultConfigurationIsVisible = 0;
			defaultConfigurationName = Release;
		};
/* End XCConfigurationList section */
	};
	rootObject = 3C83BF0B21C34721001AD145 /* Project object */;
}
